
Microsoft Visual Studio Solution File, Format Version 12.00
# Visual Studio 15
VisualStudioVersion = 15.0.28307.572
MinimumVisualStudioVersion = 10.0.40219.1
Project("{888888A0-9F3D-457C-B088-3A5042F75D52}") = "Unet-Detector", "Unet-Detector\Unet-Detector.pyproj", "{60B632E4-18C5-48B8-99A0-A70A13A8803D}"
EndProject
Global
	GlobalSection(SolutionConfigurationPlatforms) = preSolution
		Debug|Any CPU = Debug|Any CPU
		Release|Any CPU = Release|Any CPU
	EndGlobalSection
	GlobalSection(ProjectConfigurationPlatforms) = postSolution
		{60B632E4-18C5-48B8-99A0-A70A13A8803D}.Debug|Any CPU.ActiveCfg = Debug|Any CPU
		{60B632E4-18C5-48B8-99A0-A70A13A8803D}.Release|Any CPU.ActiveCfg = Release|Any CPU
	EndGlobalSection
	GlobalSection(SolutionProperties) = preSolution
		HideSolutionNode = FALSE
	EndGlobalSection
	GlobalSection(ExtensibilityGlobals) = postSolution
		SolutionGuid = {646D2AA2-72FF-4FE2-82FF-D91A432A0285}
	EndGlobalSection
EndGlobal
